
Microsoft Visual Studio Solution File, Format Version 12.00
# Visual Studio 14
VisualStudioVersion = 14.0.24720.0
MinimumVisualStudioVersion = 10.0.40219.1
Project("{8BC9CEB8-8B4A-11D0-8D11-00A0C91BC942}") = "task1", "..\Задание 1\task1\task1\task1.vcxproj", "{04BD7EA6-A5A9-48BE-8A9E-FCCC18528BBE}"
EndProject
Project("{8BC9CEB8-8B4A-11D0-8D11-00A0C91BC942}") = "task2", "..\Задание 2\Task2\Task2\Task2.vcxproj", "{A9D84E6D-4F68-4180-B736-A6EAE7CF22CD}"
EndProject
Project("{8BC9CEB8-8B4A-11D0-8D11-00A0C91BC942}") = "task3", "..\Задание 3\task3\task3\task3.vcxproj", "{D6354713-70AA-431A-8F06-2365F6C01CC9}"
EndProject
Project("{8BC9CEB8-8B4A-11D0-8D11-00A0C91BC942}") = "task4", "..\Задание 4\task4\task4\task4.vcxproj", "{BBC3D320-5619-4147-9F88-5448FCB2576F}"
EndProject
Project("{8BC9CEB8-8B4A-11D0-8D11-00A0C91BC942}") = "task5", "..\Задание 5\task 5\task 5\task 5.vcxproj", "{66F32D77-7C9D-47B0-96F7-C9D032AD969E}"
EndProject
Project("{8BC9CEB8-8B4A-11D0-8D11-00A0C91BC942}") = "task6", "..\Задание 6\task 6\task 6\task 6.vcxproj", "{AC75D0D5-F152-4EA2-9F1D-AAC181ED79E7}"
EndProject
Project("{8BC9CEB8-8B4A-11D0-8D11-00A0C91BC942}") = "task7", "..\Задание 7\task7\task7\task7.vcxproj", "{358568A2-0E13-4FE7-9507-2E429DCDD9B2}"
EndProject
Global
	GlobalSection(SolutionConfigurationPlatforms) = preSolution
		Debug|x64 = Debug|x64
		Debug|x86 = Debug|x86
		Release|x64 = Release|x64
		Release|x86 = Release|x86
	EndGlobalSection
	GlobalSection(ProjectConfigurationPlatforms) = postSolution
		{04BD7EA6-A5A9-48BE-8A9E-FCCC18528BBE}.Debug|x64.ActiveCfg = Debug|x64
		{04BD7EA6-A5A9-48BE-8A9E-FCCC18528BBE}.Debug|x64.Build.0 = Debug|x64
		{04BD7EA6-A5A9-48BE-8A9E-FCCC18528BBE}.Debug|x86.ActiveCfg = Debug|Win32
		{04BD7EA6-A5A9-48BE-8A9E-FCCC18528BBE}.Debug|x86.Build.0 = Debug|Win32
		{04BD7EA6-A5A9-48BE-8A9E-FCCC18528BBE}.Release|x64.ActiveCfg = Release|x64
		{04BD7EA6-A5A9-48BE-8A9E-FCCC18528BBE}.Release|x64.Build.0 = Release|x64
		{04BD7EA6-A5A9-48BE-8A9E-FCCC18528BBE}.Release|x86.ActiveCfg = Release|Win32
		{04BD7EA6-A5A9-48BE-8A9E-FCCC18528BBE}.Release|x86.Build.0 = Release|Win32
		{A9D84E6D-4F68-4180-B736-A6EAE7CF22CD}.Debug|x64.ActiveCfg = Debug|x64
		{A9D84E6D-4F68-4180-B736-A6EAE7CF22CD}.Debug|x64.Build.0 = Debug|x64
		{A9D84E6D-4F68-4180-B736-A6EAE7CF22CD}.Debug|x86.ActiveCfg = Debug|Win32
		{A9D84E6D-4F68-4180-B736-A6EAE7CF22CD}.Debug|x86.Build.0 = Debug|Win32
		{A9D84E6D-4F68-4180-B736-A6EAE7CF22CD}.Release|x64.ActiveCfg = Release|x64
		{A9D84E6D-4F68-4180-B736-A6EAE7CF22CD}.Release|x64.Build.0 = Release|x64
		{A9D84E6D-4F68-4180-B736-A6EAE7CF22CD}.Release|x86.ActiveCfg = Release|Win32
		{A9D84E6D-4F68-4180-B736-A6EAE7CF22CD}.Release|x86.Build.0 = Release|Win32
		{D6354713-70AA-431A-8F06-2365F6C01CC9}.Debug|x64.ActiveCfg = Debug|x64
		{D6354713-70AA-431A-8F06-2365F6C01CC9}.Debug|x64.Build.0 = Debug|x64
		{D6354713-70AA-431A-8F06-2365F6C01CC9}.Debug|x86.ActiveCfg = Debug|Win32
		{D6354713-70AA-431A-8F06-2365F6C01CC9}.Debug|x86.Build.0 = Debug|Win32
		{D6354713-70AA-431A-8F06-2365F6C01CC9}.Release|x64.ActiveCfg = Release|x64
		{D6354713-70AA-431A-8F06-2365F6C01CC9}.Release|x64.Build.0 = Release|x64
		{D6354713-70AA-431A-8F06-2365F6C01CC9}.Release|x86.ActiveCfg = Release|Win32
		{D6354713-70AA-431A-8F06-2365F6C01CC9}.Release|x86.Build.0 = Release|Win32
		{BBC3D320-5619-4147-9F88-5448FCB2576F}.Debug|x64.ActiveCfg = Debug|x64
		{BBC3D320-5619-4147-9F88-5448FCB2576F}.Debug|x64.Build.0 = Debug|x64
		{BBC3D320-5619-4147-9F88-5448FCB2576F}.Debug|x86.ActiveCfg = Debug|Win32
		{BBC3D320-5619-4147-9F88-5448FCB2576F}.Debug|x86.Build.0 = Debug|Win32
		{BBC3D320-5619-4147-9F88-5448FCB2576F}.Release|x64.ActiveCfg = Release|x64
		{BBC3D320-5619-4147-9F88-5448FCB2576F}.Release|x64.Build.0 = Release|x64
		{BBC3D320-5619-4147-9F88-5448FCB2576F}.Release|x86.ActiveCfg = Release|Win32
		{BBC3D320-5619-4147-9F88-5448FCB2576F}.Release|x86.Build.0 = Release|Win32
		{66F32D77-7C9D-47B0-96F7-C9D032AD969E}.Debug|x64.ActiveCfg = Debug|x64
		{66F32D77-7C9D-47B0-96F7-C9D032AD969E}.Debug|x64.Build.0 = Debug|x64
		{66F32D77-7C9D-47B0-96F7-C9D032AD969E}.Debug|x86.ActiveCfg = Debug|Win32
		{66F32D77-7C9D-47B0-96F7-C9D032AD969E}.Debug|x86.Build.0 = Debug|Win32
		{66F32D77-7C9D-47B0-96F7-C9D032AD969E}.Release|x64.ActiveCfg = Release|x64
		{66F32D77-7C9D-47B0-96F7-C9D032AD969E}.Release|x64.Build.0 = Release|x64
		{66F32D77-7C9D-47B0-96F7-C9D032AD969E}.Release|x86.ActiveCfg = Release|Win32
		{66F32D77-7C9D-47B0-96F7-C9D032AD969E}.Release|x86.Build.0 = Release|Win32
		{AC75D0D5-F152-4EA2-9F1D-AAC181ED79E7}.Debug|x64.ActiveCfg = Debug|x64
		{AC75D0D5-F152-4EA2-9F1D-AAC181ED79E7}.Debug|x64.Build.0 = Debug|x64
		{AC75D0D5-F152-4EA2-9F1D-AAC181ED79E7}.Debug|x86.ActiveCfg = Debug|Win32
		{AC75D0D5-F152-4EA2-9F1D-AAC181ED79E7}.Debug|x86.Build.0 = Debug|Win32
		{AC75D0D5-F152-4EA2-9F1D-AAC181ED79E7}.Release|x64.ActiveCfg = Release|x64
		{AC75D0D5-F152-4EA2-9F1D-AAC181ED79E7}.Release|x64.Build.0 = Release|x64
		{AC75D0D5-F152-4EA2-9F1D-AAC181ED79E7}.Release|x86.ActiveCfg = Release|Win32
		{AC75D0D5-F152-4EA2-9F1D-AAC181ED79E7}.Release|x86.Build.0 = Release|Win32
		{358568A2-0E13-4FE7-9507-2E429DCDD9B2}.Debug|x64.ActiveCfg = Debug|x64
		{358568A2-0E13-4FE7-9507-2E429DCDD9B2}.Debug|x64.Build.0 = Debug|x64
		{358568A2-0E13-4FE7-9507-2E429DCDD9B2}.Debug|x86.ActiveCfg = Debug|Win32
		{358568A2-0E13-4FE7-9507-2E429DCDD9B2}.Debug|x86.Build.0 = Debug|Win32
		{358568A2-0E13-4FE7-9507-2E429DCDD9B2}.Release|x64.ActiveCfg = Release|x64
		{358568A2-0E13-4FE7-9507-2E429DCDD9B2}.Release|x64.Build.0 = Release|x64
		{358568A2-0E13-4FE7-9507-2E429DCDD9B2}.Release|x86.ActiveCfg = Release|Win32
		{358568A2-0E13-4FE7-9507-2E429DCDD9B2}.Release|x86.Build.0 = Release|Win32
	EndGlobalSection
	GlobalSection(SolutionProperties) = preSolution
		HideSolutionNode = FALSE
	EndGlobalSection
EndGlobal
